{
  "name": "demo",
  "version": "1.0.0",
  "lockfileVersion": 1,
  "requires": true,
  "dependencies": {
    "codewriter": {
      "version": "1.3.0",
      "resolved": "https://registry.npmjs.org/codewriter/-/codewriter-1.3.0.tgz",
      "integrity": "sha512-dZ6DqzhbA7O38C1Kl5KI23YIEBYLDDgDQIQp3aNqo+At+Ajt9ngou4CFzlC4sGzdTV1VDpz9qepWQGOQgDGVFw==",
      "dev": true
    },
    "lodash": {
      "version": "4.17.15",
      "resolved": "https://registry.npmjs.org/lodash/-/lodash-4.17.15.tgz",
      "integrity": "sha512-8xOcRHvCjnocdS5cpwXQXVzmmh5e5+saE2QGoeQmbKmRS6J3VQppPOIt0MnmE+4xlZoumy0GPG0D0MVIQbNA1A==",
      "dev": true
    },
    "swagen-angular": {
      "version": "1.0.0-beta.25",
      "resolved": "https://registry.npmjs.org/swagen-angular/-/swagen-angular-1.0.0-beta.25.tgz",
      "integrity": "sha512-z+gbQ5YCfJVHClIwSKtu9K3t19fTxfjcHiF9PmwjxCzIrK6Rki5S7oDyfV+1yNT87JhznJKthz4gF4pivnjSzQ==",
      "dev": true,
      "requires": {
        "codewriter": "^1.3.0",
        "lodash": "^4.17.15",
        "swagen-typescript-language": "^1.1.0-beta.2"
      }
    },
    "swagen-typescript-language": {
      "version": "1.1.0-beta.2",
      "resolved": "https://registry.npmjs.org/swagen-typescript-language/-/swagen-typescript-language-1.1.0-beta.2.tgz",
      "integrity": "sha512-ipnkvYZXZUS3q84Tvh16tFn6QBIUvQNjKjuC3MWFH/XZNpEvGzT0Ei6nTPuzHE+5fJrEp8CgG5e8N/6G1ibCtg==",
      "dev": true,
      "requires": {
        "lodash": "^4.17.15"
      }
    }
  }
}
